// !$*UTF8*$!
{
	archiveVersion = 1;
	classes = {
	};
	objectVersion = 46;
	objects = {

/* Begin PBXBuildFile section */
		88DBE9DA1E7E207600B04C0A /* Person+Category.m in Sources */ = {isa = PBXBuildFile; fileRef = 88DBE9C81E7E207500B04C0A /* Person+Category.m */; };
		88DBE9DB1E7E207600B04C0A /* Person.m in Sources */ = {isa = PBXBuildFile; fileRef = 88DBE9CA1E7E207500B04C0A /* Person.m */; };
		88DBE9DC1E7E207600B04C0A /* UIControl+AddProperty.m in Sources */ = {isa = PBXBuildFile; fileRef = 88DBE9CC1E7E207500B04C0A /* UIControl+AddProperty.m */; };
		88DBE9DD1E7E207600B04C0A /* PARuntimeKit.m in Sources */ = {isa = PBXBuildFile; fileRef = 88DBE9D01E7E207500B04C0A /* PARuntimeKit.m */; };
		88DBE9DF1E7E207600B04C0A /* UIControl+AddProperty.m in Sources */ = {isa = PBXBuildFile; fileRef = 88DBE9D51E7E207500B04C0A /* UIControl+AddProperty.m */; };
		88DBE9E01E7E207600B04C0A /* UIControl+Swap.m in Sources */ = {isa = PBXBuildFile; fileRef = 88DBE9D71E7E207500B04C0A /* UIControl+Swap.m */; };
		88DBE9E11E7E207600B04C0A /* UIControl+Swap.m in Sources */ = {isa = PBXBuildFile; fileRef = 88DBE9D91E7E207600B04C0A /* UIControl+Swap.m */; };
		8D8FE1BC1E777C0800868D0E /* main.m in Sources */ = {isa = PBXBuildFile; fileRef = 8D8FE1BB1E777C0800868D0E /* main.m */; };
		8D8FE1BF1E777C0800868D0E /* AppDelegate.m in Sources */ = {isa = PBXBuildFile; fileRef = 8D8FE1BE1E777C0800868D0E /* AppDelegate.m */; };
		8D8FE1C21E777C0800868D0E /* ViewController.m in Sources */ = {isa = PBXBuildFile; fileRef = 8D8FE1C11E777C0800868D0E /* ViewController.m */; };
		8D8FE1C51E777C0800868D0E /* Main.storyboard in Resources */ = {isa = PBXBuildFile; fileRef = 8D8FE1C31E777C0800868D0E /* Main.storyboard */; };
		8D8FE1C71E777C0800868D0E /* Assets.xcassets in Resources */ = {isa = PBXBuildFile; fileRef = 8D8FE1C61E777C0800868D0E /* Assets.xcassets */; };
		8D8FE1CA1E777C0800868D0E /* LaunchScreen.storyboard in Resources */ = {isa = PBXBuildFile; fileRef = 8D8FE1C81E777C0800868D0E /* LaunchScreen.storyboard */; };
		8D8FE1D51E777C0800868D0E /* PARuntimeTests.m in Sources */ = {isa = PBXBuildFile; fileRef = 8D8FE1D41E777C0800868D0E /* PARuntimeTests.m */; };
		8D8FE1E01E777C0800868D0E /* PARuntimeUITests.m in Sources */ = {isa = PBXBuildFile; fileRef = 8D8FE1DF1E777C0800868D0E /* PARuntimeUITests.m */; };
/* End PBXBuildFile section */

/* Begin PBXContainerItemProxy section */
		8D8FE1D11E777C0800868D0E /* PBXContainerItemProxy */ = {
			isa = PBXContainerItemProxy;
			containerPortal = 8D8FE1AF1E777C0800868D0E /* Project object */;
			proxyType = 1;
			remoteGlobalIDString = 8D8FE1B61E777C0800868D0E;
			remoteInfo = PARuntime;
		};
		8D8FE1DC1E777C0800868D0E /* PBXContainerItemProxy */ = {
			isa = PBXContainerItemProxy;
			containerPortal = 8D8FE1AF1E777C0800868D0E /* Project object */;
			proxyType = 1;
			remoteGlobalIDString = 8D8FE1B61E777C0800868D0E;
			remoteInfo = PARuntime;
		};
/* End PBXContainerItemProxy section */

/* Begin PBXFileReference section */
		88DBE9C71E7E207500B04C0A /* Person+Category.h */ = {isa = PBXFileReference; fileEncoding = 4; lastKnownFileType = sourcecode.c.h; path = "Person+Category.h"; sourceTree = "<group>"; };
		88DBE9C81E7E207500B04C0A /* Person+Category.m */ = {isa = PBXFileReference; fileEncoding = 4; lastKnownFileType = sourcecode.c.objc; path = "Person+Category.m"; sourceTree = "<group>"; };
		88DBE9C91E7E207500B04C0A /* Person.h */ = {isa = PBXFileReference; fileEncoding = 4; lastKnownFileType = sourcecode.c.h; path = Person.h; sourceTree = "<group>"; };
		88DBE9CA1E7E207500B04C0A /* Person.m */ = {isa = PBXFileReference; fileEncoding = 4; lastKnownFileType = sourcecode.c.objc; path = Person.m; sourceTree = "<group>"; };
		88DBE9CB1E7E207500B04C0A /* UIControl+AddProperty.h */ = {isa = PBXFileReference; fileEncoding = 4; lastKnownFileType = sourcecode.c.h; path = "UIControl+AddProperty.h"; sourceTree = "<group>"; };
		88DBE9CC1E7E207500B04C0A /* UIControl+AddProperty.m */ = {isa = PBXFileReference; fileEncoding = 4; lastKnownFileType = sourcecode.c.objc; path = "UIControl+AddProperty.m"; sourceTree = "<group>"; };
		88DBE9CD1E7E207500B04C0A /* PARuntime-Bridging-Header.h */ = {isa = PBXFileReference; fileEncoding = 4; lastKnownFileType = sourcecode.c.h; path = "PARuntime-Bridging-Header.h"; sourceTree = "<group>"; };
		88DBE9CF1E7E207500B04C0A /* PARuntimeKit.h */ = {isa = PBXFileReference; fileEncoding = 4; lastKnownFileType = sourcecode.c.h; path = PARuntimeKit.h; sourceTree = "<group>"; };
		88DBE9D01E7E207500B04C0A /* PARuntimeKit.m */ = {isa = PBXFileReference; fileEncoding = 4; lastKnownFileType = sourcecode.c.objc; path = PARuntimeKit.m; sourceTree = "<group>"; };
		88DBE9D41E7E207500B04C0A /* UIControl+AddProperty.h */ = {isa = PBXFileReference; fileEncoding = 4; lastKnownFileType = sourcecode.c.h; path = "UIControl+AddProperty.h"; sourceTree = "<group>"; };
		88DBE9D51E7E207500B04C0A /* UIControl+AddProperty.m */ = {isa = PBXFileReference; fileEncoding = 4; lastKnownFileType = sourcecode.c.objc; path = "UIControl+AddProperty.m"; sourceTree = "<group>"; };
		88DBE9D61E7E207500B04C0A /* UIControl+Swap.h */ = {isa = PBXFileReference; fileEncoding = 4; lastKnownFileType = sourcecode.c.h; path = "UIControl+Swap.h"; sourceTree = "<group>"; };
		88DBE9D71E7E207500B04C0A /* UIControl+Swap.m */ = {isa = PBXFileReference; fileEncoding = 4; lastKnownFileType = sourcecode.c.objc; path = "UIControl+Swap.m"; sourceTree = "<group>"; };
		88DBE9D81E7E207600B04C0A /* UIControl+Swap.h */ = {isa = PBXFileReference; fileEncoding = 4; lastKnownFileType = sourcecode.c.h; path = "UIControl+Swap.h"; sourceTree = "<group>"; };
		88DBE9D91E7E207600B04C0A /* UIControl+Swap.m */ = {isa = PBXFileReference; fileEncoding = 4; lastKnownFileType = sourcecode.c.objc; path = "UIControl+Swap.m"; sourceTree = "<group>"; };
		8D8FE1B71E777C0800868D0E /* PARuntime.app */ = {isa = PBXFileReference; explicitFileType = wrapper.application; includeInIndex = 0; path = PARuntime.app; sourceTree = BUILT_PRODUCTS_DIR; };
		8D8FE1BB1E777C0800868D0E /* main.m */ = {isa = PBXFileReference; lastKnownFileType = sourcecode.c.objc; path = main.m; sourceTree = "<group>"; };
		8D8FE1BD1E777C0800868D0E /* AppDelegate.h */ = {isa = PBXFileReference; lastKnownFileType = sourcecode.c.h; path = AppDelegate.h; sourceTree = "<group>"; };
		8D8FE1BE1E777C0800868D0E /* AppDelegate.m */ = {isa = PBXFileReference; lastKnownFileType = sourcecode.c.objc; path = AppDelegate.m; sourceTree = "<group>"; };
		8D8FE1C01E777C0800868D0E /* ViewController.h */ = {isa = PBXFileReference; lastKnownFileType = sourcecode.c.h; path = ViewController.h; sourceTree = "<group>"; };
		8D8FE1C11E777C0800868D0E /* ViewController.m */ = {isa = PBXFileReference; lastKnownFileType = sourcecode.c.objc; path = ViewController.m; sourceTree = "<group>"; };
		8D8FE1C41E777C0800868D0E /* Base */ = {isa = PBXFileReference; lastKnownFileType = file.storyboard; name = Base; path = Base.lproj/Main.storyboard; sourceTree = "<group>"; };
		8D8FE1C61E777C0800868D0E /* Assets.xcassets */ = {isa = PBXFileReference; lastKnownFileType = folder.assetcatalog; path = Assets.xcassets; sourceTree = "<group>"; };
		8D8FE1C91E777C0800868D0E /* Base */ = {isa = PBXFileReference; lastKnownFileType = file.storyboard; name = Base; path = Base.lproj/LaunchScreen.storyboard; sourceTree = "<group>"; };
		8D8FE1CB1E777C0800868D0E /* Info.plist */ = {isa = PBXFileReference; lastKnownFileType = text.plist.xml; path = Info.plist; sourceTree = "<group>"; };
		8D8FE1D01E777C0800868D0E /* PARuntimeTests.xctest */ = {isa = PBXFileReference; explicitFileType = wrapper.cfbundle; includeInIndex = 0; path = PARuntimeTests.xctest; sourceTree = BUILT_PRODUCTS_DIR; };
		8D8FE1D41E777C0800868D0E /* PARuntimeTests.m */ = {isa = PBXFileReference; lastKnownFileType = sourcecode.c.objc; path = PARuntimeTests.m; sourceTree = "<group>"; };
		8D8FE1D61E777C0800868D0E /* Info.plist */ = {isa = PBXFileReference; lastKnownFileType = text.plist.xml; path = Info.plist; sourceTree = "<group>"; };
		8D8FE1DB1E777C0800868D0E /* PARuntimeUITests.xctest */ = {isa = PBXFileReference; explicitFileType = wrapper.cfbundle; includeInIndex = 0; path = PARuntimeUITests.xctest; sourceTree = BUILT_PRODUCTS_DIR; };
		8D8FE1DF1E777C0800868D0E /* PARuntimeUITests.m */ = {isa = PBXFileReference; lastKnownFileType = sourcecode.c.objc; path = PARuntimeUITests.m; sourceTree = "<group>"; };
		8D8FE1E11E777C0800868D0E /* Info.plist */ = {isa = PBXFileReference; lastKnownFileType = text.plist.xml; path = Info.plist; sourceTree = "<group>"; };
/* End PBXFileReference section */

/* Begin PBXFrameworksBuildPhase section */
		8D8FE1B41E777C0800868D0E /* Frameworks */ = {
			isa = PBXFrameworksBuildPhase;
			buildActionMask = 2147483647;
			files = (
			);
			runOnlyForDeploymentPostprocessing = 0;
		};
		8D8FE1CD1E777C0800868D0E /* Frameworks */ = {
			isa = PBXFrameworksBuildPhase;
			buildActionMask = 2147483647;
			files = (
			);
			runOnlyForDeploymentPostprocessing = 0;
		};
		8D8FE1D81E777C0800868D0E /* Frameworks */ = {
			isa = PBXFrameworksBuildPhase;
			buildActionMask = 2147483647;
			files = (
			);
			runOnlyForDeploymentPostprocessing = 0;
		};
/* End PBXFrameworksBuildPhase section */

/* Begin PBXGroup section */
		88DBE9C61E7E207500B04C0A /* AddProperty */ = {
			isa = PBXGroup;
			children = (
				88DBE9C71E7E207500B04C0A /* Person+Category.h */,
				88DBE9C81E7E207500B04C0A /* Person+Category.m */,
				88DBE9C91E7E207500B04C0A /* Person.h */,
				88DBE9CA1E7E207500B04C0A /* Person.m */,
				88DBE9CB1E7E207500B04C0A /* UIControl+AddProperty.h */,
				88DBE9CC1E7E207500B04C0A /* UIControl+AddProperty.m */,
			);
			path = AddProperty;
			sourceTree = "<group>";
		};
		88DBE9CE1E7E207500B04C0A /* PARuntimeKit */ = {
			isa = PBXGroup;
			children = (
				88DBE9CF1E7E207500B04C0A /* PARuntimeKit.h */,
				88DBE9D01E7E207500B04C0A /* PARuntimeKit.m */,
			);
			path = PARuntimeKit;
			sourceTree = "<group>";
		};
		88DBE9D31E7E207500B04C0A /* Swap */ = {
			isa = PBXGroup;
			children = (
				88DBE9D41E7E207500B04C0A /* UIControl+AddProperty.h */,
				88DBE9D51E7E207500B04C0A /* UIControl+AddProperty.m */,
				88DBE9D61E7E207500B04C0A /* UIControl+Swap.h */,
				88DBE9D71E7E207500B04C0A /* UIControl+Swap.m */,
			);
			path = Swap;
			sourceTree = "<group>";
		};
		8D8FE1AE1E777C0800868D0E = {
			isa = PBXGroup;
			children = (
				8D8FE1B91E777C0800868D0E /* PARuntime */,
				8D8FE1D31E777C0800868D0E /* PARuntimeTests */,
				8D8FE1DE1E777C0800868D0E /* PARuntimeUITests */,
				8D8FE1B81E777C0800868D0E /* Products */,
			);
			sourceTree = "<group>";
		};
		8D8FE1B81E777C0800868D0E /* Products */ = {
			isa = PBXGroup;
			children = (
				8D8FE1B71E777C0800868D0E /* PARuntime.app */,
				8D8FE1D01E777C0800868D0E /* PARuntimeTests.xctest */,
				8D8FE1DB1E777C0800868D0E /* PARuntimeUITests.xctest */,
			);
			name = Products;
			sourceTree = "<group>";
		};
		8D8FE1B91E777C0800868D0E /* PARuntime */ = {
			isa = PBXGroup;
			children = (
				88DBE9CE1E7E207500B04C0A /* PARuntimeKit */,
				88DBE9D31E7E207500B04C0A /* Swap */,
				88DBE9C61E7E207500B04C0A /* AddProperty */,
				88DBE9CD1E7E207500B04C0A /* PARuntime-Bridging-Header.h */,
				88DBE9D81E7E207600B04C0A /* UIControl+Swap.h */,
				88DBE9D91E7E207600B04C0A /* UIControl+Swap.m */,
				8D8FE1BD1E777C0800868D0E /* AppDelegate.h */,
				8D8FE1BE1E777C0800868D0E /* AppDelegate.m */,
				8D8FE1C01E777C0800868D0E /* ViewController.h */,
				8D8FE1C11E777C0800868D0E /* ViewController.m */,
				8D8FE1C31E777C0800868D0E /* Main.storyboard */,
				8D8FE1C61E777C0800868D0E /* Assets.xcassets */,
				8D8FE1C81E777C0800868D0E /* LaunchScreen.storyboard */,
				8D8FE1CB1E777C0800868D0E /* Info.plist */,
				8D8FE1BA1E777C0800868D0E /* Supporting Files */,
			);
			path = PARuntime;
			sourceTree = "<group>";
		};
		8D8FE1BA1E777C0800868D0E /* Supporting Files */ = {
			isa = PBXGroup;
			children = (
				8D8FE1BB1E777C0800868D0E /* main.m */,
			);
			name = "Supporting Files";
			sourceTree = "<group>";
		};
		8D8FE1D31E777C0800868D0E /* PARuntimeTests */ = {
			isa = PBXGroup;
			children = (
				8D8FE1D41E777C0800868D0E /* PARuntimeTests.m */,
				8D8FE1D61E777C0800868D0E /* Info.plist */,
			);
			path = PARuntimeTests;
			sourceTree = "<group>";
		};
		8D8FE1DE1E777C0800868D0E /* PARuntimeUITests */ = {
			isa = PBXGroup;
			children = (
				8D8FE1DF1E777C0800868D0E /* PARuntimeUITests.m */,
				8D8FE1E11E777C0800868D0E /* Info.plist */,
			);
			path = PARuntimeUITests;
			sourceTree = "<group>";
		};
/* End PBXGroup section */

/* Begin PBXNativeTarget section */
		8D8FE1B61E777C0800868D0E /* PARuntime */ = {
			isa = PBXNativeTarget;
			buildConfigurationList = 8D8FE1E41E777C0800868D0E /* Build configuration list for PBXNativeTarget "PARuntime" */;
			buildPhases = (
				8D8FE1B31E777C0800868D0E /* Sources */,
				8D8FE1B41E777C0800868D0E /* Frameworks */,
				8D8FE1B51E777C0800868D0E /* Resources */,
			);
			buildRules = (
			);
			dependencies = (
			);
			name = PARuntime;
			productName = PARuntime;
			productReference = 8D8FE1B71E777C0800868D0E /* PARuntime.app */;
			productType = "com.apple.product-type.application";
		};
		8D8FE1CF1E777C0800868D0E /* PARuntimeTests */ = {
			isa = PBXNativeTarget;
			buildConfigurationList = 8D8FE1E71E777C0800868D0E /* Build configuration list for PBXNativeTarget "PARuntimeTests" */;
			buildPhases = (
				8D8FE1CC1E777C0800868D0E /* Sources */,
				8D8FE1CD1E777C0800868D0E /* Frameworks */,
				8D8FE1CE1E777C0800868D0E /* Resources */,
			);
			buildRules = (
			);
			dependencies = (
				8D8FE1D21E777C0800868D0E /* PBXTargetDependency */,
			);
			name = PARuntimeTests;
			productName = PARuntimeTests;
			productReference = 8D8FE1D01E777C0800868D0E /* PARuntimeTests.xctest */;
			productType = "com.apple.product-type.bundle.unit-test";
		};
		8D8FE1DA1E777C0800868D0E /* PARuntimeUITests */ = {
			isa = PBXNativeTarget;
			buildConfigurationList = 8D8FE1EA1E777C0800868D0E /* Build configuration list for PBXNativeTarget "PARuntimeUITests" */;
			buildPhases = (
				8D8FE1D71E777C0800868D0E /* Sources */,
				8D8FE1D81E777C0800868D0E /* Frameworks */,
				8D8FE1D91E777C0800868D0E /* Resources */,
			);
			buildRules = (
			);
			dependencies = (
				8D8FE1DD1E777C0800868D0E /* PBXTargetDependency */,
			);
			name = PARuntimeUITests;
			productName = PARuntimeUITests;
			productReference = 8D8FE1DB1E777C0800868D0E /* PARuntimeUITests.xctest */;
			productType = "com.apple.product-type.bundle.ui-testing";
		};
/* End PBXNativeTarget section */

/* Begin PBXProject section */
		8D8FE1AF1E777C0800868D0E /* Project object */ = {
			isa = PBXProject;
			attributes = {
				LastUpgradeCheck = 0820;
				ORGANIZATIONNAME = shuo;
				TargetAttributes = {
					8D8FE1B61E777C0800868D0E = {
						CreatedOnToolsVersion = 8.2.1;
						ProvisioningStyle = Automatic;
					};
					8D8FE1CF1E777C0800868D0E = {
						CreatedOnToolsVersion = 8.2.1;
						ProvisioningStyle = Automatic;
						TestTargetID = 8D8FE1B61E777C0800868D0E;
					};
					8D8FE1DA1E777C0800868D0E = {
						CreatedOnToolsVersion = 8.2.1;
						ProvisioningStyle = Automatic;
						TestTargetID = 8D8FE1B61E777C0800868D0E;
					};
				};
			};
			buildConfigurationList = 8D8FE1B21E777C0800868D0E /* Build configuration list for PBXProject "PARuntime" */;
			compatibilityVersion = "Xcode 3.2";
			developmentRegion = English;
			hasScannedForEncodings = 0;
			knownRegions = (
				en,
				Base,
			);
			mainGroup = 8D8FE1AE1E777C0800868D0E;
			productRefGroup = 8D8FE1B81E777C0800868D0E /* Products */;
			projectDirPath = "";
			projectRoot = "";
			targets = (
				8D8FE1B61E777C0800868D0E /* PARuntime */,
				8D8FE1CF1E777C0800868D0E /* PARuntimeTests */,
				8D8FE1DA1E777C0800868D0E /* PARuntimeUITests */,
			);
		};
/* End PBXProject section */

/* Begin PBXResourcesBuildPhase section */
		8D8FE1B51E777C0800868D0E /* Resources */ = {
			isa = PBXResourcesBuildPhase;
			buildActionMask = 2147483647;
			files = (
				8D8FE1CA1E777C0800868D0E /* LaunchScreen.storyboard in Resources */,
				8D8FE1C71E777C0800868D0E /* Assets.xcassets in Resources */,
				8D8FE1C51E777C0800868D0E /* Main.storyboard in Resources */,
			);
			runOnlyForDeploymentPostprocessing = 0;
		};
		8D8FE1CE1E777C0800868D0E /* Resources */ = {
			isa = PBXResourcesBuildPhase;
			buildActionMask = 2147483647;
			files = (
			);
			runOnlyForDeploymentPostprocessing = 0;
		};
		8D8FE1D91E777C0800868D0E /* Resources */ = {
			isa = PBXResourcesBuildPhase;
			buildActionMask = 2147483647;
			files = (
			);
			runOnlyForDeploymentPostprocessing = 0;
		};
/* End PBXResourcesBuildPhase section */

/* Begin PBXSourcesBuildPhase section */
		8D8FE1B31E777C0800868D0E /* Sources */ = {
			isa = PBXSourcesBuildPhase;
			buildActionMask = 2147483647;
			files = (
				88DBE9DF1E7E207600B04C0A /* UIControl+AddProperty.m in Sources */,
				88DBE9DC1E7E207600B04C0A /* UIControl+AddProperty.m in Sources */,
				88DBE9DA1E7E207600B04C0A /* Person+Category.m in Sources */,
				88DBE9DD1E7E207600B04C0A /* PARuntimeKit.m in Sources */,
				88DBE9E01E7E207600B04C0A /* UIControl+Swap.m in Sources */,
				8D8FE1C21E777C0800868D0E /* ViewController.m in Sources */,
				88DBE9DB1E7E207600B04C0A /* Person.m in Sources */,
				88DBE9E11E7E207600B04C0A /* UIControl+Swap.m in Sources */,
				8D8FE1BF1E777C0800868D0E /* AppDelegate.m in Sources */,
				8D8FE1BC1E777C0800868D0E /* main.m in Sources */,
			);
			runOnlyForDeploymentPostprocessing = 0;
		};
		8D8FE1CC1E777C0800868D0E /* Sources */ = {
			isa = PBXSourcesBuildPhase;
			buildActionMask = 2147483647;
			files = (
				8D8FE1D51E777C0800868D0E /* PARuntimeTests.m in Sources */,
			);
			runOnlyForDeploymentPostprocessing = 0;
		};
		8D8FE1D71E777C0800868D0E /* Sources */ = {
			isa = PBXSourcesBuildPhase;
			buildActionMask = 2147483647;
			files = (
				8D8FE1E01E777C0800868D0E /* PARuntimeUITests.m in Sources */,
			);
			runOnlyForDeploymentPostprocessing = 0;
		};
/* End PBXSourcesBuildPhase section */

/* Begin PBXTargetDependency section */
		8D8FE1D21E777C0800868D0E /* PBXTargetDependency */ = {
			isa = PBXTargetDependency;
			target = 8D8FE1B61E777C0800868D0E /* PARuntime */;
			targetProxy = 8D8FE1D11E777C0800868D0E /* PBXContainerItemProxy */;
		};
		8D8FE1DD1E777C0800868D0E /* PBXTargetDependency */ = {
			isa = PBXTargetDependency;
			target = 8D8FE1B61E777C0800868D0E /* PARuntime */;
			targetProxy = 8D8FE1DC1E777C0800868D0E /* PBXContainerItemProxy */;
		};
/* End PBXTargetDependency section */

/* Begin PBXVariantGroup section */
		8D8FE1C31E777C0800868D0E /* Main.storyboard */ = {
			isa = PBXVariantGroup;
			children = (
				8D8FE1C41E777C0800868D0E /* Base */,
			);
			name = Main.storyboard;
			sourceTree = "<group>";
		};
		8D8FE1C81E777C0800868D0E /* LaunchScreen.storyboard */ = {
			isa = PBXVariantGroup;
			children = (
				8D8FE1C91E777C0800868D0E /* Base */,
			);
			name = LaunchScreen.storyboard;
			sourceTree = "<group>";
		};
/* End PBXVariantGroup section */

/* Begin XCBuildConfiguration section */
		8D8FE1E21E777C0800868D0E /* Debug */ = {
			isa = XCBuildConfiguration;
			buildSettings = {
				ALWAYS_SEARCH_USER_PATHS = NO;
				CLANG_ANALYZER_NONNULL = YES;
				CLANG_CXX_LANGUAGE_STANDARD = "gnu++0x";
				CLANG_CXX_LIBRARY = "libc++";
				CLANG_ENABLE_MODULES = YES;
				CLANG_ENABLE_OBJC_ARC = YES;
				CLANG_WARN_BOOL_CONVERSION = YES;
				CLANG_WARN_CONSTANT_CONVERSION = YES;
				CLANG_WARN_DIRECT_OBJC_ISA_USAGE = YES_ERROR;
				CLANG_WARN_DOCUMENTATION_COMMENTS = YES;
				CLANG_WARN_EMPTY_BODY = YES;
				CLANG_WARN_ENUM_CONVERSION = YES;
				CLANG_WARN_INFINITE_RECURSION = YES;
				CLANG_WARN_INT_CONVERSION = YES;
				CLANG_WARN_OBJC_ROOT_CLASS = YES_ERROR;
				CLANG_WARN_SUSPICIOUS_MOVE = YES;
				CLANG_WARN_UNREACHABLE_CODE = YES;
				CLANG_WARN__DUPLICATE_METHOD_MATCH = YES;
				"CODE_SIGN_IDENTITY[sdk=iphoneos*]" = "iPhone Developer";
				COPY_PHASE_STRIP = NO;
				DEBUG_INFORMATION_FORMAT = dwarf;
				ENABLE_STRICT_OBJC_MSGSEND = YES;
				ENABLE_TESTABILITY = YES;
				GCC_C_LANGUAGE_STANDARD = gnu99;
				GCC_DYNAMIC_NO_PIC = NO;
				GCC_NO_COMMON_BLOCKS = YES;
				GCC_OPTIMIZATION_LEVEL = 0;
				GCC_PREPROCESSOR_DEFINITIONS = (
					"DEBUG=1",
					"$(inherited)",
				);
				GCC_WARN_64_TO_32_BIT_CONVERSION = YES;
				GCC_WARN_ABOUT_RETURN_TYPE = YES_ERROR;
				GCC_WARN_UNDECLARED_SELECTOR = YES;
				GCC_WARN_UNINITIALIZED_AUTOS = YES_AGGRESSIVE;
				GCC_WARN_UNUSED_FUNCTION = YES;
				GCC_WARN_UNUSED_VARIABLE = YES;
				IPHONEOS_DEPLOYMENT_TARGET = 10.2;
				MTL_ENABLE_DEBUG_INFO = YES;
				ONLY_ACTIVE_ARCH = YES;
				SDKROOT = iphoneos;
				TARGETED_DEVICE_FAMILY = "1,2";
			};
			name = Debug;
		};
		8D8FE1E31E777C0800868D0E /* Release */ = {
			isa = XCBuildConfiguration;
			buildSettings = {
				ALWAYS_SEARCH_USER_PATHS = NO;
				CLANG_ANALYZER_NONNULL = YES;
				CLANG_CXX_LANGUAGE_STANDARD = "gnu++0x";
				CLANG_CXX_LIBRARY = "libc++";
				CLANG_ENABLE_MODULES = YES;
				CLANG_ENABLE_OBJC_ARC = YES;
				CLANG_WARN_BOOL_CONVERSION = YES;
				CLANG_WARN_CONSTANT_CONVERSION = YES;
				CLANG_WARN_DIRECT_OBJC_ISA_USAGE = YES_ERROR;
				CLANG_WARN_DOCUMENTATION_COMMENTS = YES;
				CLANG_WARN_EMPTY_BODY = YES;
				CLANG_WARN_ENUM_CONVERSION = YES;
				CLANG_WARN_INFINITE_RECURSION = YES;
				CLANG_WARN_INT_CONVERSION = YES;
				CLANG_WARN_OBJC_ROOT_CLASS = YES_ERROR;
				CLANG_WARN_SUSPICIOUS_MOVE = YES;
				CLANG_WARN_UNREACHABLE_CODE = YES;
				CLANG_WARN__DUPLICATE_METHOD_MATCH = YES;
				"CODE_SIGN_IDENTITY[sdk=iphoneos*]" = "iPhone Developer";
				COPY_PHASE_STRIP = NO;
				DEBUG_INFORMATION_FORMAT = "dwarf-with-dsym";
				ENABLE_NS_ASSERTIONS = NO;
				ENABLE_STRICT_OBJC_MSGSEND = YES;
				GCC_C_LANGUAGE_STANDARD = gnu99;
				GCC_NO_COMMON_BLOCKS = YES;
				GCC_WARN_64_TO_32_BIT_CONVERSION = YES;
				GCC_WARN_ABOUT_RETURN_TYPE = YES_ERROR;
				GCC_WARN_UNDECLARED_SELECTOR = YES;
				GCC_WARN_UNINITIALIZED_AUTOS = YES_AGGRESSIVE;
				GCC_WARN_UNUSED_FUNCTION = YES;
				GCC_WARN_UNUSED_VARIABLE = YES;
				IPHONEOS_DEPLOYMENT_TARGET = 10.2;
				MTL_ENABLE_DEBUG_INFO = NO;
				SDKROOT = iphoneos;
				TARGETED_DEVICE_FAMILY = "1,2";
				VALIDATE_PRODUCT = YES;
			};
			name = Release;
		};
		8D8FE1E51E777C0800868D0E /* Debug */ = {
			isa = XCBuildConfiguration;
			buildSettings = {
				ASSETCATALOG_COMPILER_APPICON_NAME = AppIcon;
				INFOPLIST_FILE = PARuntime/Info.plist;
				LD_RUNPATH_SEARCH_PATHS = "$(inherited) @executable_path/Frameworks";
				PRODUCT_BUNDLE_IDENTIFIER = pingan.com.PARuntime;
				PRODUCT_NAME = "$(TARGET_NAME)";
			};
			name = Debug;
		};
		8D8FE1E61E777C0800868D0E /* Release */ = {
			isa = XCBuildConfiguration;
			buildSettings = {
				ASSETCATALOG_COMPILER_APPICON_NAME = AppIcon;
				INFOPLIST_FILE = PARuntime/Info.plist;
				LD_RUNPATH_SEARCH_PATHS = "$(inherited) @executable_path/Frameworks";
				PRODUCT_BUNDLE_IDENTIFIER = pingan.com.PARuntime;
				PRODUCT_NAME = "$(TARGET_NAME)";
			};
			name = Release;
		};
		8D8FE1E81E777C0800868D0E /* Debug */ = {
			isa = XCBuildConfiguration;
			buildSettings = {
				BUNDLE_LOADER = "$(TEST_HOST)";
				INFOPLIST_FILE = PARuntimeTests/Info.plist;
				LD_RUNPATH_SEARCH_PATHS = "$(inherited) @executable_path/Frameworks @loader_path/Frameworks";
				PRODUCT_BUNDLE_IDENTIFIER = pingan.com.PARuntimeTests;
				PRODUCT_NAME = "$(TARGET_NAME)";
				TEST_HOST = "$(BUILT_PRODUCTS_DIR)/PARuntime.app/PARuntime";
			};
			name = Debug;
		};
		8D8FE1E91E777C0800868D0E /* Release */ = {
			isa = XCBuildConfiguration;
			buildSettings = {
				BUNDLE_LOADER = "$(TEST_HOST)";
				INFOPLIST_FILE = PARuntimeTests/Info.plist;
				LD_RUNPATH_SEARCH_PATHS = "$(inherited) @executable_path/Frameworks @loader_path/Frameworks";
				PRODUCT_BUNDLE_IDENTIFIER = pingan.com.PARuntimeTests;
				PRODUCT_NAME = "$(TARGET_NAME)";
				TEST_HOST = "$(BUILT_PRODUCTS_DIR)/PARuntime.app/PARuntime";
			};
			name = Release;
		};
		8D8FE1EB1E777C0800868D0E /* Debug */ = {
			isa = XCBuildConfiguration;
			buildSettings = {
				INFOPLIST_FILE = PARuntimeUITests/Info.plist;
				LD_RUNPATH_SEARCH_PATHS = "$(inherited) @executable_path/Frameworks @loader_path/Frameworks";
				PRODUCT_BUNDLE_IDENTIFIER = pingan.com.PARuntimeUITests;
				PRODUCT_NAME = "$(TARGET_NAME)";
				TEST_TARGET_NAME = PARuntime;
			};
			name = Debug;
		};
		8D8FE1EC1E777C0800868D0E /* Release */ = {
			isa = XCBuildConfiguration;
			buildSettings = {
				INFOPLIST_FILE = PARuntimeUITests/Info.plist;
				LD_RUNPATH_SEARCH_PATHS = "$(inherited) @executable_path/Frameworks @loader_path/Frameworks";
				PRODUCT_BUNDLE_IDENTIFIER = pingan.com.PARuntimeUITests;
				PRODUCT_NAME = "$(TARGET_NAME)";
				TEST_TARGET_NAME = PARuntime;
			};
			name = Release;
		};
/* End XCBuildConfiguration section */

/* Begin XCConfigurationList section */
		8D8FE1B21E777C0800868D0E /* Build configuration list for PBXProject "PARuntime" */ = {
			isa = XCConfigurationList;
			buildConfigurations = (
				8D8FE1E21E777C0800868D0E /* Debug */,
				8D8FE1E31E777C0800868D0E /* Release */,
			);
			defaultConfigurationIsVisible = 0;
			defaultConfigurationName = Release;
		};
		8D8FE1E41E777C0800868D0E /* Build configuration list for PBXNativeTarget "PARuntime" */ = {
			isa = XCConfigurationList;
			buildConfigurations = (
				8D8FE1E51E777C0800868D0E /* Debug */,
				8D8FE1E61E777C0800868D0E /* Release */,
			);
			defaultConfigurationIsVisible = 0;
			defaultConfigurationName = Release;
		};
		8D8FE1E71E777C0800868D0E /* Build configuration list for PBXNativeTarget "PARuntimeTests" */ = {
			isa = XCConfigurationList;
			buildConfigurations = (
				8D8FE1E81E777C0800868D0E /* Debug */,
				8D8FE1E91E777C0800868D0E /* Release */,
			);
			defaultConfigurationIsVisible = 0;
			defaultConfigurationName = Release;
		};
		8D8FE1EA1E777C0800868D0E /* Build configuration list for PBXNativeTarget "PARuntimeUITests" */ = {
			isa = XCConfigurationList;
			buildConfigurations = (
				8D8FE1EB1E777C0800868D0E /* Debug */,
				8D8FE1EC1E777C0800868D0E /* Release */,
			);
			defaultConfigurationIsVisible = 0;
			defaultConfigurationName = Release;
		};
/* End XCConfigurationList section */
	};
	rootObject = 8D8FE1AF1E777C0800868D0E /* Project object */;
}
